{
  "name": "server",
  "version": "1.0.0",
  "lockfileVersion": 1,
  "requires": true,
  "dependencies": {
    "@types/koa": {
      "version": "2.0.48",
      "resolved": "https://registry.npm.taobao.org/@types/koa/download/@types/koa-2.0.48.tgz",
      "requires": {
        "@types/accepts": "*",
        "@types/cookies": "*",
        "@types/http-assert": "*",
        "@types/keygrip": "*",
        "@types/koa-compose": "*",
        "@types/node": "*"
      },
      "dependencies": {
        "@types/accepts": {
          "version": "1.3.5",
          "resolved": "https://registry.npm.taobao.org/@types/accepts/download/@types/accepts-1.3.5.tgz",
          "requires": {
            "@types/node": "*"
          },
          "dependencies": {
            "@types/node": {
              "version": "12.0.2",
              "resolved": "https://registry.npm.taobao.org/@types/node/download/@types/node-12.0.2.tgz"
            }
          }
        },
        "@types/cookies": {
          "version": "0.7.2",
          "resolved": "https://registry.npm.taobao.org/@types/cookies/download/@types/cookies-0.7.2.tgz",
          "requires": {
            "@types/connect": "*",
            "@types/express": "*",
            "@types/keygrip": "*",
            "@types/node": "*"
          },
          "dependencies": {
            "@types/connect": {
              "version": "3.4.32",
              "resolved": "https://registry.npm.taobao.org/@types/connect/download/@types/connect-3.4.32.tgz",
              "requires": {
                "@types/node": "*"
              },
              "dependencies": {
                "@types/node": {
                  "version": "12.0.2",
                  "resolved": "http://registry.npm.sdp.nd/@types/node/download/@types/node-12.0.2.tgz",
                  "integrity": "sha1-NFKiTt+f6hOLSPrUoKAopoPaHkA="
                }
              }
            },
            "@types/express": {
              "version": "4.16.1",
              "resolved": "https://registry.npm.taobao.org/@types/express/download/@types/express-4.16.1.tgz",
              "requires": {
                "@types/body-parser": "*",
                "@types/express-serve-static-core": "*",
                "@types/serve-static": "*"
              },
              "dependencies": {
                "@types/body-parser": {
                  "version": "1.17.0",
                  "resolved": "http://registry.npm.sdp.nd/@types/body-parser/download/@types/body-parser-1.17.0.tgz",
                  "integrity": "sha1-n1ydm9BLtUvjLV65/A2Ml05s9Yw=",
                  "requires": {
                    "@types/connect": "*",
                    "@types/node": "*"
                  }
                },
                "@types/connect": {
                  "version": "3.4.32",
                  "resolved": "http://registry.npm.sdp.nd/@types/connect/download/@types/connect-3.4.32.tgz",
                  "integrity": "sha1-qg6WFrlDXMrQK8UrW0VP/Cxwuig=",
                  "requires": {
                    "@types/node": "*"
                  }
                },
                "@types/express-serve-static-core": {
                  "version": "4.16.6",
                  "resolved": "http://registry.npm.sdp.nd/@types/express-serve-static-core/download/@types/express-serve-static-core-4.16.6.tgz",
                  "integrity": "sha1-ZtSyns4+L7blqsIjJyMAJCbmUb0=",
                  "requires": {
                    "@types/node": "*",
                    "@types/range-parser": "*"
                  }
                },
                "@types/mime": {
                  "version": "2.0.1",
                  "resolved": "http://registry.npm.sdp.nd/@types/mime/download/@types/mime-2.0.1.tgz",
                  "integrity": "sha1-3EiIQjEqfwdRSTEpBbXjwLBUx50="
                },
                "@types/node": {
                  "version": "12.0.2",
                  "resolved": "http://registry.npm.sdp.nd/@types/node/download/@types/node-12.0.2.tgz",
                  "integrity": "sha1-NFKiTt+f6hOLSPrUoKAopoPaHkA="
                },
                "@types/range-parser": {
                  "version": "1.2.3",
                  "resolved": "http://registry.npm.sdp.nd/@types/range-parser/download/@types/range-parser-1.2.3.tgz",
                  "integrity": "sha1-fuMwunyq+5gJC+zoal7kQRWQTCw="
                },
                "@types/serve-static": {
                  "version": "1.13.2",
                  "resolved": "http://registry.npm.sdp.nd/@types/serve-static/download/@types/serve-static-1.13.2.tgz",
                  "integrity": "sha1-9axNemQgqZpqRa9HGfTc2M2Qekg=",
                  "requires": {
                    "@types/express-serve-static-core": "*",
                    "@types/mime": "*"
                  }
                }
              }
            },
            "@types/keygrip": {
              "version": "1.0.1",
              "resolved": "https://registry.npm.taobao.org/@types/keygrip/download/@types/keygrip-1.0.1.tgz"
            },
            "@types/node": {
              "version": "12.0.2",
              "resolved": "https://registry.npm.taobao.org/@types/node/download/@types/node-12.0.2.tgz"
            }
          }
        },
        "@types/http-assert": {
          "version": "1.4.0",
          "resolved": "https://registry.npm.taobao.org/@types/http-assert/download/@types/http-assert-1.4.0.tgz"
        },
        "@types/keygrip": {
          "version": "1.0.1",
          "resolved": "https://registry.npm.taobao.org/@types/keygrip/download/@types/keygrip-1.0.1.tgz"
        },
        "@types/koa-compose": {
          "version": "3.2.4",
          "resolved": "https://registry.npm.taobao.org/@types/koa-compose/download/@types/koa-compose-3.2.4.tgz",
          "requires": {
            "@types/koa": "*"
          },
          "dependencies": {
            "@types/accepts": {
              "version": "1.3.5",
              "resolved": "http://registry.npm.sdp.nd/@types/accepts/download/@types/accepts-1.3.5.tgz",
              "integrity": "sha1-w0vsEVz8dG4E/loFnfTOfns5FXU=",
              "requires": {
                "@types/node": "*"
              }
            },
            "@types/body-parser": {
              "version": "1.17.0",
              "resolved": "http://registry.npm.sdp.nd/@types/body-parser/download/@types/body-parser-1.17.0.tgz",
              "integrity": "sha1-n1ydm9BLtUvjLV65/A2Ml05s9Yw=",
              "requires": {
                "@types/connect": "*",
                "@types/node": "*"
              }
            },
            "@types/connect": {
              "version": "3.4.32",
              "resolved": "http://registry.npm.sdp.nd/@types/connect/download/@types/connect-3.4.32.tgz",
              "integrity": "sha1-qg6WFrlDXMrQK8UrW0VP/Cxwuig=",
              "requires": {
                "@types/node": "*"
              }
            },
            "@types/cookies": {
              "version": "0.7.1",
              "resolved": "http://registry.npm.sdp.nd/@types/cookies/download/@types/cookies-0.7.1.tgz",
              "integrity": "sha1-+fIEvWdn04nuo7h2CeMMCQx3pUA=",
              "requires": {
                "@types/connect": "*",
                "@types/express": "*",
                "@types/keygrip": "*",
                "@types/node": "*"
              }
            },
            "@types/express": {
              "version": "4.16.1",
              "resolved": "http://registry.npm.sdp.nd/@types/express/download/@types/express-4.16.1.tgz",
              "integrity": "sha1-11a9GoXDTYfq9EyIi60nuopLfPA=",
              "requires": {
                "@types/body-parser": "*",
                "@types/express-serve-static-core": "*",
                "@types/serve-static": "*"
              }
            },
            "@types/express-serve-static-core": {
              "version": "4.16.6",
              "resolved": "http://registry.npm.sdp.nd/@types/express-serve-static-core/download/@types/express-serve-static-core-4.16.6.tgz",
              "integrity": "sha1-ZtSyns4+L7blqsIjJyMAJCbmUb0=",
              "requires": {
                "@types/node": "*",
                "@types/range-parser": "*"
              }
            },
            "@types/http-assert": {
              "version": "1.4.0",
              "resolved": "http://registry.npm.sdp.nd/@types/http-assert/download/@types/http-assert-1.4.0.tgz",
              "integrity": "sha1-QdFzRm45bpmhTXX3FgzJl/L57Ys="
            },
            "@types/keygrip": {
              "version": "1.0.1",
              "resolved": "http://registry.npm.sdp.nd/@types/keygrip/download/@types/keygrip-1.0.1.tgz",
              "integrity": "sha1-/1QEYtL7TQqIRBzq8n0oewHD2Hg="
            },
            "@types/koa": {
              "version": "2.0.48",
              "resolved": "http://registry.npm.sdp.nd/@types/koa/download/@types/koa-2.0.48.tgz",
              "integrity": "sha1-KRYngwKdPl34tYxV9r8NNfePw58=",
              "requires": {
                "@types/accepts": "*",
                "@types/cookies": "*",
                "@types/http-assert": "*",
                "@types/keygrip": "*",
                "@types/koa-compose": "*",
                "@types/node": "*"
              }
            },
            "@types/mime": {
              "version": "2.0.1",
              "resolved": "http://registry.npm.sdp.nd/@types/mime/download/@types/mime-2.0.1.tgz",
              "integrity": "sha1-3EiIQjEqfwdRSTEpBbXjwLBUx50="
            },
            "@types/node": {
              "version": "12.0.2",
              "resolved": "http://registry.npm.sdp.nd/@types/node/download/@types/node-12.0.2.tgz",
              "integrity": "sha1-NFKiTt+f6hOLSPrUoKAopoPaHkA="
            },
            "@types/range-parser": {
              "version": "1.2.3",
              "resolved": "http://registry.npm.sdp.nd/@types/range-parser/download/@types/range-parser-1.2.3.tgz",
              "integrity": "sha1-fuMwunyq+5gJC+zoal7kQRWQTCw="
            },
            "@types/serve-static": {
              "version": "1.13.2",
              "resolved": "http://registry.npm.sdp.nd/@types/serve-static/download/@types/serve-static-1.13.2.tgz",
              "integrity": "sha1-9axNemQgqZpqRa9HGfTc2M2Qekg=",
              "requires": {
                "@types/express-serve-static-core": "*",
                "@types/mime": "*"
              }
            }
          }
        },
        "@types/node": {
          "version": "12.0.2",
          "resolved": "https://registry.npm.taobao.org/@types/node/download/@types/node-12.0.2.tgz"
        }
      }
    },
    "@types/koa-router": {
      "version": "7.0.40",
      "resolved": "http://registry.npm.sdp.nd/@types/koa-router/download/@types/koa-router-7.0.40.tgz",
      "integrity": "sha1-llTbxDN1oDgMRMScRQS02/w+Tmo=",
      "requires": {
        "@types/koa": "*"
      }
    },
    "@types/node": {
      "version": "12.0.2",
      "resolved": "https://registry.npm.taobao.org/@types/node/download/@types/node-12.0.2.tgz",
      "dev": true
    },
    "depd": {
      "version": "1.1.2",
      "resolved": "http://registry.npm.sdp.nd/depd/download/depd-1.1.2.tgz",
      "integrity": "sha1-m81S4UwJd2PnSbJ0xDRu0uVgtak="
    },
    "inherits": {
      "version": "2.0.3",
      "resolved": "http://registry.npm.sdp.nd/inherits/download/inherits-2.0.3.tgz",
      "integrity": "sha1-Yzwsg+PaQqUC9SRmAiSA9CCCYd4="
    },
    "isarray": {
      "version": "0.0.1",
      "resolved": "http://registry.npm.sdp.nd/isarray/download/isarray-0.0.1.tgz",
      "integrity": "sha1-ihis/Kmo9Bd+Cav8YDiTmwXR7t8="
    },
    "koa-compose": {
      "version": "3.2.1",
      "resolved": "http://registry.npm.sdp.nd/koa-compose/download/koa-compose-3.2.1.tgz",
      "integrity": "sha1-qFzLQLfZhtjlo0Wzoazo6rz1Tec=",
      "requires": {
        "any-promise": "^1.1.0"
      },
      "dependencies": {
        "any-promise": {
          "version": "1.3.0",
          "resolved": "http://registry.npm.sdp.nd/any-promise/download/any-promise-1.3.0.tgz",
          "integrity": "sha1-q8av7tzqUugJzcA3au0845Y10X8="
        }
      }
    },
    "koa-router": {
      "version": "7.4.0",
      "resolved": "http://registry.npm.sdp.nd/koa-router/download/koa-router-7.4.0.tgz",
      "integrity": "sha1-ruH3rcAtXLMdfWdGXJ6syCXoxeA=",
      "requires": {
        "debug": "^3.1.0",
        "http-errors": "^1.3.1",
        "koa-compose": "^3.0.0",
        "methods": "^1.0.1",
        "path-to-regexp": "^1.1.1",
        "urijs": "^1.19.0"
      },
      "dependencies": {
        "debug": {
          "version": "3.2.6",
          "resolved": "http://registry.npm.sdp.nd/debug/download/debug-3.2.6.tgz",
          "integrity": "sha1-6D0X3hbYp++3cX7b5fsQE17uYps=",
          "requires": {
            "ms": "^2.1.1"
          }
        },
        "http-errors": {
          "version": "1.7.2",
          "resolved": "http://registry.npm.sdp.nd/http-errors/download/http-errors-1.7.2.tgz",
          "integrity": "sha1-T1ApzxMjnzEDblsuVSkrz7zIXI8=",
          "requires": {
            "depd": "~1.1.2",
            "inherits": "2.0.3",
            "setprototypeof": "1.1.1",
            "statuses": ">= 1.5.0 < 2",
            "toidentifier": "1.0.0"
          }
        }
      }
    },
    "methods": {
      "version": "1.1.2",
      "resolved": "http://registry.npm.sdp.nd/methods/download/methods-1.1.2.tgz",
      "integrity": "sha1-VSmk1nZUE07cxSZmVoNbD4Ua/O4="
    },
    "ms": {
      "version": "2.1.1",
      "resolved": "http://registry.npm.sdp.nd/ms/download/ms-2.1.1.tgz",
      "integrity": "sha1-MKWGTrPrsKZvLr5tcnrwagnYbgo="
    },
    "path-to-regexp": {
      "version": "1.7.0",
      "resolved": "http://registry.npm.sdp.nd/path-to-regexp/download/path-to-regexp-1.7.0.tgz",
      "integrity": "sha1-Wf3g9DW62suhA6hOnTvGTpa5k30=",
      "requires": {
        "isarray": "0.0.1"
      }
    },
    "setprototypeof": {
      "version": "1.1.1",
      "resolved": "http://registry.npm.sdp.nd/setprototypeof/download/setprototypeof-1.1.1.tgz",
      "integrity": "sha1-fpWsskqpL1iF4KvvW6ExMw1K5oM="
    },
    "statuses": {
      "version": "1.5.0",
      "resolved": "http://registry.npm.sdp.nd/statuses/download/statuses-1.5.0.tgz",
      "integrity": "sha1-Fhx9rBd2Wf2YEfQ3cfqZOBR4Yow="
    },
    "toidentifier": {
      "version": "1.0.0",
      "resolved": "http://registry.npm.sdp.nd/toidentifier/download/toidentifier-1.0.0.tgz",
      "integrity": "sha1-fhvjRw8ed5SLxD2Uo8j013UrpVM="
    },
    "urijs": {
      "version": "1.19.1",
      "resolved": "http://registry.npm.sdp.nd/urijs/download/urijs-1.19.1.tgz",
      "integrity": "sha1-Ww/1MMDL3oOG9jQiNbpcpumV0lo="
    }
  }
}
